#include <stdio.h>
#include <stdlib.h>
#define MAXTAM 100

    typedef struct{
        int Item[MAXTAM];
        int Topo;

    }  TPilhaLivro;

    struct livro {
        char nome;
        char autor;
    };

    struct data {
        int mes;
        int ano;
    };

   void TPilhaLivro_Inicia  (TPilhaLivro *p) {
      p->Topo = -1;
  }

   int TPilhaLivro_Vazia (TPilhaLivro *p) {
       if (p->Topo == -1) {
           return 1;
       } else {
           return 0;
       }
    }

    int TPilhaLivro_Cheia (TPilhaLivro *p) {
        if (p->Topo == MAXTAM-1) {
             return 1;
        }  else {
             return 0;
        }
     }

     void TPilhaLivro_Insere (TPilhaLivro *p, int x) {
          if(TPilhaLivro_Cheia(p) == 1) {
              printf("ERRO: Pilha de livros cheia");
          }  else {
               p->Topo++;
               p->Item[p->Topo] = x;
          }
      }

      int TPilhaLivro_Retira (TPilhaLivro *p) {
          int aux;
          if(TPilhaLivro_Vazia(p) == 1) {
              printf("ERRO: Pilha de livros vazia");
          }  else {
               aux = p->Item[p->Topo];
               p->Topo--;
               return aux;
          }
       }


       int main() {
           TPilhaLivro *p = (TPilhaLivro*)malloc(sizeof(TPilhaLivro));
           TPilhaLivro_Inicia(p);

           TPilhaLivro_Insere(p, livro1);



           int aux;

           aux = TPilhaLivro_Retira(p);
           printf("\n SAIU: %d", aux);



       return 0;
       }

